
Microsoft Visual Studio Solution File, Format Version 12.00
# Visual Studio Version 16
VisualStudioVersion = 16.0.30413.136
MinimumVisualStudioVersion = 10.0.40219.1
Project("{9A19103F-16F7-4668-BE54-9A1E7A4F7556}") = "Przychodnia", "Przychodnia\Przychodnia.csproj", "{86F94C21-5604-428A-BA40-F1BEEA044917}"
EndProject
Project("{FAE04EC0-301F-11D3-BF4B-00C04F79EFBC}") = "ClinicUnitTests", "ClinicUnitTests\ClinicUnitTests.csproj", "{D9CCCF80-5972-4C71-8831-DF5EF47E2B6B}"
EndProject
Global
	GlobalSection(SolutionConfigurationPlatforms) = preSolution
		Debug|Any CPU = Debug|Any CPU
		Release|Any CPU = Release|Any CPU
	EndGlobalSection
	GlobalSection(ProjectConfigurationPlatforms) = postSolution
		{86F94C21-5604-428A-BA40-F1BEEA044917}.Debug|Any CPU.ActiveCfg = Debug|Any CPU
		{86F94C21-5604-428A-BA40-F1BEEA044917}.Debug|Any CPU.Build.0 = Debug|Any CPU
		{86F94C21-5604-428A-BA40-F1BEEA044917}.Release|Any CPU.ActiveCfg = Release|Any CPU
		{86F94C21-5604-428A-BA40-F1BEEA044917}.Release|Any CPU.Build.0 = Release|Any CPU
		{D9CCCF80-5972-4C71-8831-DF5EF47E2B6B}.Debug|Any CPU.ActiveCfg = Debug|Any CPU
		{D9CCCF80-5972-4C71-8831-DF5EF47E2B6B}.Debug|Any CPU.Build.0 = Debug|Any CPU
		{D9CCCF80-5972-4C71-8831-DF5EF47E2B6B}.Release|Any CPU.ActiveCfg = Release|Any CPU
		{D9CCCF80-5972-4C71-8831-DF5EF47E2B6B}.Release|Any CPU.Build.0 = Release|Any CPU
	EndGlobalSection
	GlobalSection(SolutionProperties) = preSolution
		HideSolutionNode = FALSE
	EndGlobalSection
	GlobalSection(ExtensibilityGlobals) = postSolution
		SolutionGuid = {1E8926CB-5408-47F0-9177-AE75C0C2311A}
	EndGlobalSection
EndGlobal
